
Microsoft Visual Studio Solution File, Format Version 12.00
# Visual Studio Version 17
VisualStudioVersion = 17.11.35208.52
MinimumVisualStudioVersion = 10.0.40219.1
Project("{FAE04EC0-301F-11D3-BF4B-00C04F79EFBC}") = "CodePulse.API", "CodePulse.API\CodePulse.API.csproj", "{171A7556-8E84-423C-B0B1-62C91F5E0040}"
EndProject
Global
	GlobalSection(SolutionConfigurationPlatforms) = preSolution
		Debug|Any CPU = Debug|Any CPU
		Release|Any CPU = Release|Any CPU
	EndGlobalSection
	GlobalSection(ProjectConfigurationPlatforms) = postSolution
		{171A7556-8E84-423C-B0B1-62C91F5E0040}.Debug|Any CPU.ActiveCfg = Debug|Any CPU
		{171A7556-8E84-423C-B0B1-62C91F5E0040}.Debug|Any CPU.Build.0 = Debug|Any CPU
		{171A7556-8E84-423C-B0B1-62C91F5E0040}.Release|Any CPU.ActiveCfg = Release|Any CPU
		{171A7556-8E84-423C-B0B1-62C91F5E0040}.Release|Any CPU.Build.0 = Release|Any CPU
	EndGlobalSection
	GlobalSection(SolutionProperties) = preSolution
		HideSolutionNode = FALSE
	EndGlobalSection
	GlobalSection(ExtensibilityGlobals) = postSolution
		SolutionGuid = {4D802B8B-C54B-4A9C-A9DF-A8A77B132A34}
	EndGlobalSection
EndGlobal
